dependencies:
- name: aws-load-balancer-controller
  repository: https://aws.github.io/eks-charts
  version: 1.4.4
- name: aws-node-termination-handler
  repository: https://aws.github.io/eks-charts
  version: 0.19.2
- name: aws-ebs-csi-driver
  repository: https://kubernetes-sigs.github.io/aws-ebs-csi-driver
  version: 2.6.7
digest: sha256:4ce4e399a91db6f2c2aec99ddb60bf6a13e01c585ecec274bfaf0f5129c510a4
generated: "2022-09-12T13:00:39.676642-04:00"
