dependencies:
- name: elasticsearch
  repository: https://helm.elastic.co
  version: 7.16.3
- name: kibana
  repository: https://helm.elastic.co
  version: 7.16.3
- name: metricbeat
  repository: https://helm.elastic.co
  version: 7.16.3
- name: filebeat
  repository: https://helm.elastic.co
  version: 7.17.3
digest: sha256:6b1fcaed1ac8766926b6ba82ed4f35a867f6e226272d3bc33f5a6075c54896a8
generated: "2022-04-23T00:02:25.134214296Z"
