dependencies:
- name: cert-manager
  repository: https://charts.jetstack.io
  version: v1.6.0
- name: linkerd2
  repository: https://helm.linkerd.io/stable
  version: 2.11.0
digest: sha256:ac3a01913d2581f85fb212009f4edbbf49bfc8b9368b52107b7c7268ecbad5c5
generated: "2021-10-28T15:05:49.016622-04:00"
